<?xml version="1.0" encoding="utf-8"?>
<Project ToolsVersion="4.0" xmlns="http://schemas.microsoft.com/developer/msbuild/2003">
  <ItemGroup>
    <Filter Include="Generated Files">
      <UniqueIdentifier>{71ED8ED8-ACB9-4CE9-BBE1-E00B30144E11}</UniqueIdentifier>
      <Extensions>cpp;c;cxx;moc;h;def;odl;idl;res;</Extensions>
    </Filter>
    <Filter Include="Generated Files">
      <UniqueIdentifier>{71ED8ED8-ACB9-4CE9-BBE1-E00B30144E11}</UniqueIdentifier>
      <Extensions>cpp;c;cxx;moc;h;def;odl;idl;res;</Extensions>
    </Filter>
    <Filter Include="Header Files">
      <UniqueIdentifier>{93995380-89BD-4b04-88EB-625FBE52EBFB}</UniqueIdentifier>
      <Extensions>h;hpp;hxx;hm;inl;inc;xsd</Extensions>
    </Filter>
    <Filter Include="Header Files">
      <UniqueIdentifier>{93995380-89BD-4b04-88EB-625FBE52EBFB}</UniqueIdentifier>
      <Extensions>h;hpp;hxx;hm;inl;inc;xsd</Extensions>
    </Filter>
    <Filter Include="Source Files">
      <UniqueIdentifier>{4FC737F1-C7A5-4376-A066-2A32D752A2FF}</UniqueIdentifier>
      <Extensions>cpp;c;cxx;def;odl;idl;hpj;bat;asm;asmx</Extensions>
    </Filter>
    <Filter Include="Source Files">
      <UniqueIdentifier>{4FC737F1-C7A5-4376-A066-2A32D752A2FF}</UniqueIdentifier>
      <Extensions>cpp;c;cxx;def;odl;idl;hpj;bat;asm;asmx</Extensions>
    </Filter>
  </ItemGroup>
  <ItemGroup>
    <ClCompile Include="tools\new_triangulation\MonteCarlo\Agent.cpp">
      <Filter>Source Files</Filter>
    </ClCompile>
    <ClCompile Include="model\Model\BiologyLink.cpp">
      <Filter>Source Files</Filter>
    </ClCompile>
    <ClCompile Include="tools\model\BoundingBoxList.cpp">
      <Filter>Source Files</Filter>
    </ClCompile>
    <ClCompile Include="tools\batchJob\CSBatchJob.cpp">
      <Filter>Source Files</Filter>
    </ClCompile>
    <ClCompile Include="tools\dataIO\CSDataReader.cpp">
      <Filter>Source Files</Filter>
    </ClCompile>
    <ClCompile Include="tools\dataIO\CSDataWriter.cpp">
      <Filter>Source Files</Filter>
    </ClCompile>
    <ClCompile Include="gui\CSGLArena.cpp">
      <Filter>Source Files</Filter>
    </ClCompile>
    <ClCompile Include="gui\GLTools\CSGLBar.cpp">
      <Filter>Source Files</Filter>
    </ClCompile>
    <ClCompile Include="gui\CSGLObject.cpp">
      <Filter>Source Files</Filter>
    </ClCompile>
    <ClCompile Include="gui\GLTools\CSGLSphere.cpp">
      <Filter>Source Files</Filter>
    </ClCompile>
    <ClCompile Include="gui\GLTools\CSGLTriangle.cpp">
      <Filter>Source Files</Filter>
    </ClCompile>
    <ClCompile Include="gui\GLTools\CSGLVascularization.cpp">
      <Filter>Source Files</Filter>
    </ClCompile>
    <ClCompile Include="tools\dataIO\hdf5\CSHDF5Reader.cpp">
      <Filter>Source Files</Filter>
    </ClCompile>
    <ClCompile Include="tools\dataIO\hdf5\CSHDF5Writer.cpp">
      <Filter>Source Files</Filter>
    </ClCompile>
    <ClCompile Include="model\Interactions\CSInteractionFrictionMatrix.cpp">
      <Filter>Source Files</Filter>
    </ClCompile>
    <ClCompile Include="model\Interactions\CSInteractionHertz.cpp">
      <Filter>Source Files</Filter>
    </ClCompile>
    <ClCompile Include="model\Interactions\CSInteractionJKR.cpp">
      <Filter>Source Files</Filter>
    </ClCompile>
    <ClCompile Include="model\Model\CSModel.cpp">
      <Filter>Source Files</Filter>
    </ClCompile>
    <ClCompile Include="tools\parameters\CSParameter.cpp">
      <Filter>Source Files</Filter>
    </ClCompile>
    <ClCompile Include="tools\parameters\CSParameterChoice.cpp">
      <Filter>Source Files</Filter>
    </ClCompile>
    <ClCompile Include="tools\parameters\CSParameterContext.cpp">
      <Filter>Source Files</Filter>
    </ClCompile>
    <ClCompile Include="tools\parameters\CSParameterContextTemporary.cpp">
      <Filter>Source Files</Filter>
    </ClCompile>
    <ClCompile Include="tools\parameters\CSParameterTemporary.cpp">
      <Filter>Source Files</Filter>
    </ClCompile>
    <ClCompile Include="tools\model\CSSpaceDiscretization.cpp">
      <Filter>Source Files</Filter>
    </ClCompile>
    <ClCompile Include="tools\dataIO\vtp\CSVTPWriter.cpp">
      <Filter>Source Files</Filter>
    </ClCompile>
    <ClCompile Include="model\Model\ModelVascularization\CSVesselGraph.cpp">
      <Filter>Source Files</Filter>
    </ClCompile>
    <ClCompile Include="tools\dataIO\xml\CSXMLReader.cpp">
      <Filter>Source Files</Filter>
    </ClCompile>
    <ClCompile Include="tools\dataIO\xml\CSXMLWriter.cpp">
      <Filter>Source Files</Filter>
    </ClCompile>
    <ClCompile Include="model\Cell\Cell.cpp">
      <Filter>Source Files</Filter>
    </ClCompile>
    <ClCompile Include="model\CellPopulation\CellPopulation.cpp">
      <Filter>Source Files</Filter>
    </ClCompile>
    <ClCompile Include="model\Cell\CellSpherical.cpp">
      <Filter>Source Files</Filter>
    </ClCompile>
    <ClCompile Include="model\Cell\CellSphericalODE.cpp">
      <Filter>Source Files</Filter>
    </ClCompile>
    <ClCompile Include="model\Cell\CellSphericalPolar.cpp">
      <Filter>Source Files</Filter>
    </ClCompile>
    <ClCompile Include="model\Cell\CellTriangulated.cpp">
      <Filter>Source Files</Filter>
    </ClCompile>
    <ClCompile Include="tools\colors\ColorTools.cpp">
      <Filter>Source Files</Filter>
    </ClCompile>
    <ClCompile Include="Core.cpp">
      <Filter>Source Files</Filter>
    </ClCompile>
    <ClCompile Include="tools\new_triangulation\Geometry\DataVertex.cpp">
      <Filter>Source Files</Filter>
    </ClCompile>
    <ClCompile Include="tools\new_triangulation\IO\EPS.cpp">
      <Filter>Source Files</Filter>
    </ClCompile>
    <ClCompile Include="tools\input\FilenameParser.cpp">
      <Filter>Source Files</Filter>
    </ClCompile>
    <ClCompile Include="tools\new_triangulation\LinearAlgebra\Finiteelements.cpp">
      <Filter>Source Files</Filter>
    </ClCompile>
    <ClCompile Include="model\Lattice\Function.cpp">
      <Filter>Source Files</Filter>
    </ClCompile>
    <ClCompile Include="model\BasicDatatypes\Graph.cpp">
      <Filter>Source Files</Filter>
    </ClCompile>
    <ClCompile Include="model\BasicDatatypes\GraphSphere.cpp">
      <Filter>Source Files</Filter>
    </ClCompile>
    <ClCompile Include="model\Lattice\LatticeSpring.cpp">
      <Filter>Source Files</Filter>
    </ClCompile>
    <ClCompile Include="model\Lattice\LinearFunction.cpp">
      <Filter>Source Files</Filter>
    </ClCompile>
    <ClCompile Include="model\Lattice\LinearSpring.cpp">
      <Filter>Source Files</Filter>
    </ClCompile>
    <ClCompile Include="model\Model\ModelCellsSpherical\LobuleLesionVoxelization.cpp">
      <Filter>Source Files</Filter>
    </ClCompile>
    <ClCompile Include="model\BasicDatatypes\MassPoint.cpp">
      <Filter>Source Files</Filter>
    </ClCompile>
    <ClCompile Include="tools\new_triangulation\LinearAlgebra\Mathematix.cpp">
      <Filter>Source Files</Filter>
    </ClCompile>
    <ClCompile Include="tools\triangulation\Mathematix.cpp">
      <Filter>Source Files</Filter>
    </ClCompile>
    <ClCompile Include="model\Model\ModelCellsTriangulated\Model3D.cpp">
      <Filter>Source Files</Filter>
    </ClCompile>
    <ClCompile Include="model\Model\ModelCellsSpherical\ModelCellsSpherical.cpp">
      <Filter>Source Files</Filter>
    </ClCompile>
    <ClCompile Include="model\Model\ModelCellsSphericalODE\ModelCellsSphericalODE.cpp">
      <Filter>Source Files</Filter>
    </ClCompile>
    <ClCompile Include="model\Elements\ModelElement.cpp">
      <Filter>Source Files</Filter>
    </ClCompile>
    <ClCompile Include="model\Elements\ModelElementBarrierTriangle.cpp">
      <Filter>Source Files</Filter>
    </ClCompile>
    <ClCompile Include="model\Elements\ModelElementECMSphere.cpp">
      <Filter>Source Files</Filter>
    </ClCompile>
    <ClCompile Include="model\Lattice\ModelElementFibre.cpp">
      <Filter>Source Files</Filter>
    </ClCompile>
    <ClCompile Include="model\Elements\ModelElementHollowSphere.cpp">
      <Filter>Source Files</Filter>
    </ClCompile>
    <ClCompile Include="model\Lattice\ModelElementLatticeNode.cpp">
      <Filter>Source Files</Filter>
    </ClCompile>
    <ClCompile Include="model\Elements\ModelElementSphere.cpp">
      <Filter>Source Files</Filter>
    </ClCompile>
    <ClCompile Include="model\Elements\ModelElementTriangulated.cpp">
      <Filter>Source Files</Filter>
    </ClCompile>
    <ClCompile Include="model\Elements\ModelElementVesselSphere.cpp">
      <Filter>Source Files</Filter>
    </ClCompile>
    <ClCompile Include="model\Elements\ModelElement_VesselGraph.cpp">
      <Filter>Source Files</Filter>
    </ClCompile>
    <ClCompile Include="model\Lattice\ModelLattice.cpp">
      <Filter>Source Files</Filter>
    </ClCompile>
    <ClCompile Include="model\Model\ModelVascularization\ModelVascularization.cpp">
      <Filter>Source Files</Filter>
    </ClCompile>
    <ClCompile Include="model\Vascularization_No\Model_Vascularization_No.cpp">
      <Filter>Source Files</Filter>
    </ClCompile>
    <ClCompile Include="model\Lattice\NonLinearStiffeningFunction.cpp">
      <Filter>Source Files</Filter>
    </ClCompile>
    <ClCompile Include="model\Observation\Observation.cpp">
      <Filter>Source Files</Filter>
    </ClCompile>
    <ClCompile Include="tools\output\OutputText.cpp">
      <Filter>Source Files</Filter>
    </ClCompile>
    <ClCompile Include="tools\new_triangulation\IO\Povray.cpp">
      <Filter>Source Files</Filter>
    </ClCompile>
    <ClCompile Include="tools\new_triangulation\MonteCarlo\Process.cpp">
      <Filter>Source Files</Filter>
    </ClCompile>
    <ClCompile Include="gui\QCSParameterDelegate.cpp">
      <Filter>Source Files</Filter>
    </ClCompile>
    <ClCompile Include="tools\random\Random.cpp">
      <Filter>Source Files</Filter>
    </ClCompile>
    <ClCompile Include="model\Lattice\RotationalSpring.cpp">
      <Filter>Source Files</Filter>
    </ClCompile>
    <ClCompile Include="tools\new_triangulation\MonteCarlo\RuleBasedAgent.cpp">
      <Filter>Source Files</Filter>
    </ClCompile>
    <ClCompile Include="model\Lattice\SimulationObject.cpp">
      <Filter>Source Files</Filter>
    </ClCompile>
    <ClCompile Include="model\BasicDatatypes\Spring.cpp">
      <Filter>Source Files</Filter>
    </ClCompile>
    <ClCompile Include="tools\Tools.cpp">
      <Filter>Source Files</Filter>
    </ClCompile>
    <ClCompile Include="gui\GLTools\TriangulatedCell.cpp">
      <Filter>Source Files</Filter>
    </ClCompile>
    <ClCompile Include="tools\triangulation\Triangulation.cpp">
      <Filter>Source Files</Filter>
    </ClCompile>
    <ClCompile Include="model\Model\ModelVascularization\Tumor.cpp">
      <Filter>Source Files</Filter>
    </ClCompile>
    <ClCompile Include="model\BasicDatatypes\Utils.cpp">
      <Filter>Source Files</Filter>
    </ClCompile>
    <ClCompile Include="model\BasicDatatypes\Vector.cpp">
      <Filter>Source Files</Filter>
    </ClCompile>
    <ClCompile Include="model\Model\ModelVascularization\VesselGraph.cpp">
      <Filter>Source Files</Filter>
    </ClCompile>
    <ClCompile Include="tools\math\delaunay.cpp">
      <Filter>Source Files</Filter>
    </ClCompile>
    <ClCompile Include="tools\discvor\discvor.cpp">
      <Filter>Source Files</Filter>
    </ClCompile>
    <ClCompile Include="tools\math\mathematics.cpp">
      <Filter>Source Files</Filter>
    </ClCompile>
    <ClCompile Include="tools\sort\sort.cpp">
      <Filter>Source Files</Filter>
    </ClCompile>
    <ClCompile Include="tools\new_triangulation\IO\tinystr.cpp">
      <Filter>Source Files</Filter>
    </ClCompile>
    <ClCompile Include="tools\new_triangulation\IO\tinyxml.cpp">
      <Filter>Source Files</Filter>
    </ClCompile>
    <ClCompile Include="tools\new_triangulation\IO\tinyxmlerror.cpp">
      <Filter>Source Files</Filter>
    </ClCompile>
    <ClCompile Include="tools\new_triangulation\IO\tinyxmlparser.cpp">
      <Filter>Source Files</Filter>
    </ClCompile>
  </ItemGroup>
  <ItemGroup>
    <ClInclude Include="tools\new_triangulation\MonteCarlo\Agent.hpp">
      <Filter>Header Files</Filter>
    </ClInclude>
    <ClInclude Include="tools\new_triangulation\MonteCarlo\Agent.ipp">
      <Filter>Header Files</Filter>
    </ClInclude>
    <ClInclude Include="model\Model\BiologyLink.h">
      <Filter>Header Files</Filter>
    </ClInclude>
    <ClInclude Include="model\BasicDatatypes\BoundingBox.h">
      <Filter>Header Files</Filter>
    </ClInclude>
    <ClInclude Include="tools\model\BoundingBoxList.h">
      <Filter>Header Files</Filter>
    </ClInclude>
    <ClInclude Include="tools\batchJob\CSBatchJob.h">
      <Filter>Header Files</Filter>
    </ClInclude>
    <ClInclude Include="tools\dataIO\CSDataReader.h">
      <Filter>Header Files</Filter>
    </ClInclude>
    <ClInclude Include="tools\dataIO\CSDataWriter.h">
      <Filter>Header Files</Filter>
    </ClInclude>
    <ClInclude Include="gui\CSGLArena.h">
      <Filter>Header Files</Filter>
    </ClInclude>
    <ClInclude Include="gui\GLTools\CSGLBar.h">
      <Filter>Header Files</Filter>
    </ClInclude>
    <ClInclude Include="gui\CSGLObject.h">
      <Filter>Header Files</Filter>
    </ClInclude>
    <ClInclude Include="gui\GLTools\CSGLSphere.h">
      <Filter>Header Files</Filter>
    </ClInclude>
    <ClInclude Include="gui\GLTools\CSGLTriangle.h">
      <Filter>Header Files</Filter>
    </ClInclude>
    <ClInclude Include="gui\GLTools\CSGLVascularization.h">
      <Filter>Header Files</Filter>
    </ClInclude>
    <ClInclude Include="tools\dataIO\hdf5\CSHDF5Reader.h">
      <Filter>Header Files</Filter>
    </ClInclude>
    <ClInclude Include="tools\dataIO\hdf5\CSHDF5Writer.h">
      <Filter>Header Files</Filter>
    </ClInclude>
    <ClInclude Include="model\Interactions\CSInteraction.h">
      <Filter>Header Files</Filter>
    </ClInclude>
    <ClInclude Include="model\Interactions\CSInteractionFrictionMatrix.h">
      <Filter>Header Files</Filter>
    </ClInclude>
    <ClInclude Include="model\Interactions\CSInteractionHertz.h">
      <Filter>Header Files</Filter>
    </ClInclude>
    <ClInclude Include="model\Interactions\CSInteractionJKR.h">
      <Filter>Header Files</Filter>
    </ClInclude>
    <ClInclude Include="model\BasicDatatypes\CSListContainer.h">
      <Filter>Header Files</Filter>
    </ClInclude>
    <ClInclude Include="model\Model\CSModel.h">
      <Filter>Header Files</Filter>
    </ClInclude>
    <ClInclude Include="tools\model\CSModelTools.h">
      <Filter>Header Files</Filter>
    </ClInclude>
    <ClInclude Include="tools\parameters\CSParameter.h">
      <Filter>Header Files</Filter>
    </ClInclude>
    <ClInclude Include="tools\parameters\CSParameterChoice.h">
      <Filter>Header Files</Filter>
    </ClInclude>
    <ClInclude Include="tools\parameters\CSParameterContext.h">
      <Filter>Header Files</Filter>
    </ClInclude>
    <ClInclude Include="tools\parameters\CSParameterContextTemporary.h">
      <Filter>Header Files</Filter>
    </ClInclude>
    <ClInclude Include="tools\parameters\CSParameterTemporary.h">
      <Filter>Header Files</Filter>
    </ClInclude>
    <ClInclude Include="tools\parameters\CSParameterTreeItem.h">
      <Filter>Header Files</Filter>
    </ClInclude>
    <ClInclude Include="tools\model\CSSpaceDiscretization.h">
      <Filter>Header Files</Filter>
    </ClInclude>
    <ClInclude Include="tools\dataIO\vtp\CSVTPWriter.h">
      <Filter>Header Files</Filter>
    </ClInclude>
    <ClInclude Include="model\Model\ModelVascularization\CSVesselGraph.h">
      <Filter>Header Files</Filter>
    </ClInclude>
    <ClInclude Include="tools\dataIO\xml\CSXMLReader.h">
      <Filter>Header Files</Filter>
    </ClInclude>
    <ClInclude Include="tools\dataIO\xml\CSXMLWriter.h">
      <Filter>Header Files</Filter>
    </ClInclude>
    <ClInclude Include="model\Cell\Cell.h">
      <Filter>Header Files</Filter>
    </ClInclude>
    <ClInclude Include="model\CellPopulation\CellPopulation.h">
      <Filter>Header Files</Filter>
    </ClInclude>
    <ClInclude Include="model\Cell\CellSpherical.h">
      <Filter>Header Files</Filter>
    </ClInclude>
    <ClInclude Include="model\Cell\CellSphericalODE.h">
      <Filter>Header Files</Filter>
    </ClInclude>
    <ClInclude Include="model\Cell\CellSphericalPolar.h">
      <Filter>Header Files</Filter>
    </ClInclude>
    <ClInclude Include="model\Cell\CellTriangulated.h">
      <Filter>Header Files</Filter>
    </ClInclude>
    <ClInclude Include="model\Model\ModelVascularization\Cells.hpp">
      <Filter>Header Files</Filter>
    </ClInclude>
    <ClInclude Include="model\BasicDatatypes\Color.h">
      <Filter>Header Files</Filter>
    </ClInclude>
    <ClInclude Include="tools\colors\ColorTools.h">
      <Filter>Header Files</Filter>
    </ClInclude>
    <ClInclude Include="Core.h">
      <Filter>Header Files</Filter>
    </ClInclude>
    <ClInclude Include="tools\new_triangulation\IO\EPS.hpp">
      <Filter>Header Files</Filter>
    </ClInclude>
    <ClInclude Include="tools\new_triangulation\IO\EPS.ipp">
      <Filter>Header Files</Filter>
    </ClInclude>
    <ClInclude Include="tools\input\FilenameParser.h">
      <Filter>Header Files</Filter>
    </ClInclude>
    <ClInclude Include="model\Lattice\Function.h">
      <Filter>Header Files</Filter>
    </ClInclude>
    <ClInclude Include="tools\new_triangulation\Geometry.hpp">
      <Filter>Header Files</Filter>
    </ClInclude>
    <ClInclude Include="model\BasicDatatypes\Graph.h">
      <Filter>Header Files</Filter>
    </ClInclude>
    <ClInclude Include="model\BasicDatatypes\GraphSphere.h">
      <Filter>Header Files</Filter>
    </ClInclude>
    <ClInclude Include="tools\new_triangulation\IO.hpp">
      <Filter>Header Files</Filter>
    </ClInclude>
    <ClInclude Include="model\Lattice\LatticeSpring.h">
      <Filter>Header Files</Filter>
    </ClInclude>
    <ClInclude Include="tools\new_triangulation\LinearAlgebra.hpp">
      <Filter>Header Files</Filter>
    </ClInclude>
    <ClInclude Include="model\Lattice\LinearFunction.h">
      <Filter>Header Files</Filter>
    </ClInclude>
    <ClInclude Include="model\Lattice\LinearSpring.h">
      <Filter>Header Files</Filter>
    </ClInclude>
    <ClInclude Include="model\Model\ModelCellsSpherical\LobuleLesionVoxelization.h">
      <Filter>Header Files</Filter>
    </ClInclude>
    <ClInclude Include="model\BasicDatatypes\MassPoint.h">
      <Filter>Header Files</Filter>
    </ClInclude>
    <ClInclude Include="tools\triangulation\Mathematix.h">
      <Filter>Header Files</Filter>
    </ClInclude>
    <ClInclude Include="tools\triangulation\Mathematix.tcc">
      <Filter>Header Files</Filter>
    </ClInclude>
    <ClInclude Include="model\Model\ModelCellsTriangulated\Model3D.h">
      <Filter>Header Files</Filter>
    </ClInclude>
    <ClInclude Include="model\Model\ModelCellsSpherical\ModelCellsSpherical.h">
      <Filter>Header Files</Filter>
    </ClInclude>
    <ClInclude Include="model\Model\ModelCellsSphericalODE\ModelCellsSphericalODE.h">
      <Filter>Header Files</Filter>
    </ClInclude>
    <ClInclude Include="model\Elements\ModelElement.h">
      <Filter>Header Files</Filter>
    </ClInclude>
    <ClInclude Include="model\Elements\ModelElementBarrierTriangle.h">
      <Filter>Header Files</Filter>
    </ClInclude>
    <ClInclude Include="model\Elements\ModelElementECMSphere.h">
      <Filter>Header Files</Filter>
    </ClInclude>
    <ClInclude Include="model\Lattice\ModelElementFibre.h">
      <Filter>Header Files</Filter>
    </ClInclude>
    <ClInclude Include="model\Elements\ModelElementHollowSphere.h">
      <Filter>Header Files</Filter>
    </ClInclude>
    <ClInclude Include="model\Lattice\ModelElementLatticeNode.h">
      <Filter>Header Files</Filter>
    </ClInclude>
    <ClInclude Include="model\Elements\ModelElementSphere.h">
      <Filter>Header Files</Filter>
    </ClInclude>
    <ClInclude Include="model\Elements\ModelElementTriangulated.h">
      <Filter>Header Files</Filter>
    </ClInclude>
    <ClInclude Include="model\Elements\ModelElementVesselSphere.h">
      <Filter>Header Files</Filter>
    </ClInclude>
    <ClInclude Include="model\Elements\ModelElement_VesselGraph.h">
      <Filter>Header Files</Filter>
    </ClInclude>
    <ClInclude Include="model\Lattice\ModelLattice.h">
      <Filter>Header Files</Filter>
    </ClInclude>
    <ClInclude Include="model\Model\ModelVascularization\ModelVascularization.h">
      <Filter>Header Files</Filter>
    </ClInclude>
    <ClInclude Include="model\Vascularization_No\Model_Vascularization_No.h">
      <Filter>Header Files</Filter>
    </ClInclude>
    <ClInclude Include="model\Model\Models.h">
      <Filter>Header Files</Filter>
    </ClInclude>
    <ClInclude Include="tools\new_triangulation\MonteCarlo.hpp">
      <Filter>Header Files</Filter>
    </ClInclude>
    <ClInclude Include="model\Lattice\NonLinearStiffeningFunction.h">
      <Filter>Header Files</Filter>
    </ClInclude>
    <ClInclude Include="model\Observation\Observation.h">
      <Filter>Header Files</Filter>
    </ClInclude>
    <ClInclude Include="tools\output\OutputText.h">
      <Filter>Header Files</Filter>
    </ClInclude>
    <ClInclude Include="model\Model\ModelVascularization\Perfusion.cpp">
      <Filter>Header Files</Filter>
    </ClInclude>
    <ClInclude Include="tools\new_triangulation\IO\Povray.hpp">
      <Filter>Header Files</Filter>
    </ClInclude>
    <ClInclude Include="tools\new_triangulation\IO\Povray.ipp">
      <Filter>Header Files</Filter>
    </ClInclude>
    <ClInclude Include="tools\new_triangulation\MonteCarlo\Process.hpp">
      <Filter>Header Files</Filter>
    </ClInclude>
    <QtMoc Include="gui\QCSParameterDelegate.h">
      <Filter>Header Files</Filter>
    </QtMoc>
    <ClInclude Include="tools\random\Random.h">
      <Filter>Header Files</Filter>
    </ClInclude>
    <ClInclude Include="model\Lattice\RotationalSpring.h">
      <Filter>Header Files</Filter>
    </ClInclude>
    <ClInclude Include="tools\new_triangulation\MonteCarlo\RuleBasedAgent.hpp">
      <Filter>Header Files</Filter>
    </ClInclude>
    <ClInclude Include="model\Lattice\SimulationObject.h">
      <Filter>Header Files</Filter>
    </ClInclude>
    <ClInclude Include="model\BasicDatatypes\Spring.h">
      <Filter>Header Files</Filter>
    </ClInclude>
    <ClInclude Include="tools\Tools.h">
      <Filter>Header Files</Filter>
    </ClInclude>
    <ClInclude Include="model\BasicDatatypes\Triangle.h">
      <Filter>Header Files</Filter>
    </ClInclude>
    <ClInclude Include="gui\GLTools\TriangulatedCell.h">
      <Filter>Header Files</Filter>
    </ClInclude>
    <ClInclude Include="tools\triangulation\Triangulation.hpp">
      <Filter>Header Files</Filter>
    </ClInclude>
    <ClInclude Include="model\Model\ModelVascularization\Tumor.hpp">
      <Filter>Header Files</Filter>
    </ClInclude>
    <ClInclude Include="model\BasicDatatypes\Utils.h">
      <Filter>Header Files</Filter>
    </ClInclude>
    <ClInclude Include="model\BasicDatatypes\Vector.h">
      <Filter>Header Files</Filter>
    </ClInclude>
    <ClInclude Include="Version.h">
      <Filter>Header Files</Filter>
    </ClInclude>
    <ClInclude Include="model\Model\ModelVascularization\VesselGraph.hpp">
      <Filter>Header Files</Filter>
    </ClInclude>
    <ClInclude Include="model\Model\ModelVascularization\VoronoiDiagram.hpp">
      <Filter>Header Files</Filter>
    </ClInclude>
    <ClInclude Include="tools\new_triangulation\Geometry\array.h">
      <Filter>Header Files</Filter>
    </ClInclude>
    <ClInclude Include="tools\new_triangulation\Geometry\array2d.h">
      <Filter>Header Files</Filter>
    </ClInclude>
    <ClInclude Include="tools\new_triangulation\Geometry\datavertex.hpp">
      <Filter>Header Files</Filter>
    </ClInclude>
    <ClInclude Include="tools\new_triangulation\Geometry\datavertex.ipp">
      <Filter>Header Files</Filter>
    </ClInclude>
    <ClInclude Include="tools\math\delaunay.h">
      <Filter>Header Files</Filter>
    </ClInclude>
    <ClInclude Include="tools\discvor\discvor.h">
      <Filter>Header Files</Filter>
    </ClInclude>
    <ClInclude Include="tools\new_triangulation\LinearAlgebra\finiteelements.hpp">
      <Filter>Header Files</Filter>
    </ClInclude>
    <ClInclude Include="tools\new_triangulation\LinearAlgebra\finiteelements.ipp">
      <Filter>Header Files</Filter>
    </ClInclude>
    <ClInclude Include="tools\math\mathematics.h">
      <Filter>Header Files</Filter>
    </ClInclude>
    <ClInclude Include="tools\new_triangulation\LinearAlgebra\mathematix.hpp">
      <Filter>Header Files</Filter>
    </ClInclude>
    <ClInclude Include="tools\new_triangulation\LinearAlgebra\mathematix.ipp">
      <Filter>Header Files</Filter>
    </ClInclude>
    <ClInclude Include="tools\new_triangulation\LinearAlgebra\matrix.hpp">
      <Filter>Header Files</Filter>
    </ClInclude>
    <ClInclude Include="tools\new_triangulation\LinearAlgebra\matrix.ipp">
      <Filter>Header Files</Filter>
    </ClInclude>
    <ClInclude Include="tools\new_triangulation\Geometry\numtraits.h">
      <Filter>Header Files</Filter>
    </ClInclude>
    <ClInclude Include="tools\new_triangulation\Geometry\octree.hpp">
      <Filter>Header Files</Filter>
    </ClInclude>
    <ClInclude Include="tools\new_triangulation\Geometry\octree.ipp">
      <Filter>Header Files</Filter>
    </ClInclude>
    <ClInclude Include="tools\new_triangulation\Geometry\point3d.h">
      <Filter>Header Files</Filter>
    </ClInclude>
    <ClInclude Include="tools\new_triangulation\Geometry\shareddata.h">
      <Filter>Header Files</Filter>
    </ClInclude>
    <ClInclude Include="tools\new_triangulation\LinearAlgebra\solver.hpp">
      <Filter>Header Files</Filter>
    </ClInclude>
    <ClInclude Include="tools\new_triangulation\LinearAlgebra\solver.ipp">
      <Filter>Header Files</Filter>
    </ClInclude>
    <ClInclude Include="tools\sort\sort.h">
      <Filter>Header Files</Filter>
    </ClInclude>
    <ClInclude Include="tools\new_triangulation\LinearAlgebra\sparsematrix.hpp">
      <Filter>Header Files</Filter>
    </ClInclude>
    <ClInclude Include="tools\new_triangulation\LinearAlgebra\sparsematrix.ipp">
      <Filter>Header Files</Filter>
    </ClInclude>
    <ClInclude Include="tools\new_triangulation\LinearAlgebra\sparsevector.hpp">
      <Filter>Header Files</Filter>
    </ClInclude>
    <ClInclude Include="tools\new_triangulation\LinearAlgebra\sparsevector.ipp">
      <Filter>Header Files</Filter>
    </ClInclude>
    <ClInclude Include="tools\new_triangulation\IO\tinystr.h">
      <Filter>Header Files</Filter>
    </ClInclude>
    <ClInclude Include="tools\new_triangulation\Geometry\tinyvector.h">
      <Filter>Header Files</Filter>
    </ClInclude>
    <ClInclude Include="tools\new_triangulation\IO\tinyvector.h">
      <Filter>Header Files</Filter>
    </ClInclude>
    <ClInclude Include="tools\new_triangulation\IO\tinyxml.h">
      <Filter>Header Files</Filter>
    </ClInclude>
    <ClInclude Include="tools\new_triangulation\Geometry\triangulation.hpp">
      <Filter>Header Files</Filter>
    </ClInclude>
    <ClInclude Include="tools\new_triangulation\Geometry\triangulation.ipp">
      <Filter>Header Files</Filter>
    </ClInclude>
  </ItemGroup>
  <ItemGroup>
    
    
    <CustomBuild Include="debug\moc_predefs.h.cbt">
      <Filter>Generated Files</Filter>
    </CustomBuild>
    <CustomBuild Include="release\moc_predefs.h.cbt">
      <Filter>Generated Files</Filter>
    </CustomBuild>
  </ItemGroup>
</Project>