<?xml version="1.0" encoding="utf-8"?>
<Project ToolsVersion="4.0" xmlns="http://schemas.microsoft.com/developer/msbuild/2003">
  <ItemGroup>
    <Filter Include="Form Files">
      <UniqueIdentifier>{99349809-55BA-4b9d-BF79-8FDBB0286EB3}</UniqueIdentifier>
      <Extensions>ui</Extensions>
      <ParseFiles>false</ParseFiles>
    </Filter>
    <Filter Include="Form Files">
      <UniqueIdentifier>{99349809-55BA-4b9d-BF79-8FDBB0286EB3}</UniqueIdentifier>
      <Extensions>ui</Extensions>
      <ParseFiles>false</ParseFiles>
    </Filter>
    <Filter Include="Generated Files">
      <UniqueIdentifier>{71ED8ED8-ACB9-4CE9-BBE1-E00B30144E11}</UniqueIdentifier>
      <Extensions>cpp;c;cxx;moc;h;def;odl;idl;res;</Extensions>
    </Filter>
    <Filter Include="Generated Files">
      <UniqueIdentifier>{71ED8ED8-ACB9-4CE9-BBE1-E00B30144E11}</UniqueIdentifier>
      <Extensions>cpp;c;cxx;moc;h;def;odl;idl;res;</Extensions>
    </Filter>
    <Filter Include="Header Files">
      <UniqueIdentifier>{93995380-89BD-4b04-88EB-625FBE52EBFB}</UniqueIdentifier>
      <Extensions>h;hpp;hxx;hm;inl;inc;xsd</Extensions>
    </Filter>
    <Filter Include="Header Files">
      <UniqueIdentifier>{93995380-89BD-4b04-88EB-625FBE52EBFB}</UniqueIdentifier>
      <Extensions>h;hpp;hxx;hm;inl;inc;xsd</Extensions>
    </Filter>
    <Filter Include="Source Files">
      <UniqueIdentifier>{4FC737F1-C7A5-4376-A066-2A32D752A2FF}</UniqueIdentifier>
      <Extensions>cpp;c;cxx;def;odl;idl;hpj;bat;asm;asmx</Extensions>
    </Filter>
    <Filter Include="Source Files">
      <UniqueIdentifier>{4FC737F1-C7A5-4376-A066-2A32D752A2FF}</UniqueIdentifier>
      <Extensions>cpp;c;cxx;def;odl;idl;hpj;bat;asm;asmx</Extensions>
    </Filter>
  </ItemGroup>
  <ItemGroup>
    <ClCompile Include="gui\tabAbout\About.cpp">
      <Filter>Source Files</Filter>
    </ClCompile>
    <ClCompile Include="gui\CSGLArena.cpp">
      <Filter>Source Files</Filter>
    </ClCompile>
    <ClCompile Include="gui\GLTools\CSGLBar.cpp">
      <Filter>Source Files</Filter>
    </ClCompile>
    <ClCompile Include="gui\GLTools\CSGLCube.cpp">
      <Filter>Source Files</Filter>
    </ClCompile>
    <ClCompile Include="gui\CSGLObject.cpp">
      <Filter>Source Files</Filter>
    </ClCompile>
    <ClCompile Include="gui\GLTools\CSGLSphere.cpp">
      <Filter>Source Files</Filter>
    </ClCompile>
    <ClCompile Include="gui\GLTools\CSGLVascularization.cpp">
      <Filter>Source Files</Filter>
    </ClCompile>
    <ClCompile Include="gui\2DTools\Circle.cpp">
      <Filter>Source Files</Filter>
    </ClCompile>
    <ClCompile Include="gui\tabODEs\ODEsTab.cpp">
      <Filter>Source Files</Filter>
    </ClCompile>
    <ClCompile Include="gui\2DTools\Pixel.cpp">
      <Filter>Source Files</Filter>
    </ClCompile>
    <ClCompile Include="gui\QCS3DTabWidget.cpp">
      <Filter>Source Files</Filter>
    </ClCompile>
    <ClCompile Include="gui\QCSCentralWidget.cpp">
      <Filter>Source Files</Filter>
    </ClCompile>
    <ClCompile Include="gui\QCSGLDisplay.cpp">
      <Filter>Source Files</Filter>
    </ClCompile>
    <ClCompile Include="gui\QCSMainWindow.cpp">
      <Filter>Source Files</Filter>
    </ClCompile>
    <ClCompile Include="gui\QCSParameterDelegate.cpp">
      <Filter>Source Files</Filter>
    </ClCompile>
    <ClCompile Include="gui\QCSParameterFileNameEditor.cpp">
      <Filter>Source Files</Filter>
    </ClCompile>
    <ClCompile Include="gui\QCSParameterModel.cpp">
      <Filter>Source Files</Filter>
    </ClCompile>
    <ClCompile Include="gui\QCSSimulationThread.cpp">
      <Filter>Source Files</Filter>
    </ClCompile>
    <ClCompile Include="gui\2DTools\Square.cpp">
      <Filter>Source Files</Filter>
    </ClCompile>
    <ClCompile Include="gui\GLTools\TriangulatedCell.cpp">
      <Filter>Source Files</Filter>
    </ClCompile>
    <ClCompile Include="gui\tabVascularization\Vascularization.cpp">
      <Filter>Source Files</Filter>
    </ClCompile>
    <ClCompile Include="gui\etcUIDemo.cpp">
      <Filter>Source Files</Filter>
    </ClCompile>
    <ClCompile Include="gui\tabMonolayer\monolayer.cpp">
      <Filter>Source Files</Filter>
    </ClCompile>
    <ClCompile Include="gui\tabComplexCells\tabComplexCells.cpp">
      <Filter>Source Files</Filter>
    </ClCompile>
  </ItemGroup>
  <ItemGroup>
    <QtMoc Include="gui\tabAbout\About.h">
      <Filter>Header Files</Filter>
    </QtMoc>
    <ClInclude Include="gui\CSGLArena.h">
      <Filter>Header Files</Filter>
    </ClInclude>
    <ClInclude Include="gui\GLTools\CSGLBar.h">
      <Filter>Header Files</Filter>
    </ClInclude>
    <ClInclude Include="gui\GLTools\CSGLCube.h">
      <Filter>Header Files</Filter>
    </ClInclude>
    <ClInclude Include="gui\CSGLObject.h">
      <Filter>Header Files</Filter>
    </ClInclude>
    <ClInclude Include="gui\GLTools\CSGLSphere.h">
      <Filter>Header Files</Filter>
    </ClInclude>
    <ClInclude Include="gui\GLTools\CSGLVascularization.h">
      <Filter>Header Files</Filter>
    </ClInclude>
    <ClInclude Include="gui\2DTools\Circle.h">
      <Filter>Header Files</Filter>
    </ClInclude>
    <QtMoc Include="gui\tabODEs\ODEsTab.h">
      <Filter>Header Files</Filter>
    </QtMoc>
    <ClInclude Include="gui\2DTools\Pixel.h">
      <Filter>Header Files</Filter>
    </ClInclude>
    <QtMoc Include="gui\QCS3DTabWidget.h">
      <Filter>Header Files</Filter>
    </QtMoc>
    <ClInclude Include="gui\QCSCentralWidget.h">
      <Filter>Header Files</Filter>
    </ClInclude>
    <QtMoc Include="gui\QCSGLDisplay.h">
      <Filter>Header Files</Filter>
    </QtMoc>
    <QtMoc Include="gui\QCSMainWindow.h">
      <Filter>Header Files</Filter>
    </QtMoc>
    <QtMoc Include="gui\QCSParameterDelegate.h">
      <Filter>Header Files</Filter>
    </QtMoc>
    <QtMoc Include="gui\QCSParameterFileNameEditor.h">
      <Filter>Header Files</Filter>
    </QtMoc>
    <QtMoc Include="gui\QCSParameterModel.h">
      <Filter>Header Files</Filter>
    </QtMoc>
    <ClInclude Include="gui\QCSParameterRangeWidget.h">
      <Filter>Header Files</Filter>
    </ClInclude>
    <QtMoc Include="gui\QCSSimulationThread.h">
      <Filter>Header Files</Filter>
    </QtMoc>
    <ClInclude Include="gui\QDebugStream.h">
      <Filter>Header Files</Filter>
    </ClInclude>
    <ClInclude Include="gui\2DTools\Square.h">
      <Filter>Header Files</Filter>
    </ClInclude>
    <ClInclude Include="gui\GLTools\TriangulatedCell.h">
      <Filter>Header Files</Filter>
    </ClInclude>
    <QtMoc Include="gui\tabVascularization\Vascularization.h">
      <Filter>Header Files</Filter>
    </QtMoc>
    <QtMoc Include="gui\etcUIDemo.h">
      <Filter>Header Files</Filter>
    </QtMoc>
    <QtMoc Include="gui\tabMonolayer\monolayer.h">
      <Filter>Header Files</Filter>
    </QtMoc>
    <QtMoc Include="gui\tabComplexCells\tabComplexCells.h">
      <Filter>Header Files</Filter>
    </QtMoc>
  </ItemGroup>
  <ItemGroup>
    
    
    
    
    
    
    
    
    
    
    
    
    
    
    
    
    
    
    
    
    
    
    
    
    <CustomBuild Include="debug\moc_predefs.h.cbt">
      <Filter>Generated Files</Filter>
    </CustomBuild>
    <CustomBuild Include="release\moc_predefs.h.cbt">
      <Filter>Generated Files</Filter>
    </CustomBuild>
    
    
    <ClInclude Include="ui_About.h">
      <Filter>Generated Files</Filter>
    </ClInclude>
    <ClInclude Include="ui_ODEsTab.h">
      <Filter>Generated Files</Filter>
    </ClInclude>
    <ClInclude Include="ui_QCS3DTabWidget.h">
      <Filter>Generated Files</Filter>
    </ClInclude>
    <ClInclude Include="ui_Vascularization.h">
      <Filter>Generated Files</Filter>
    </ClInclude>
    <ClInclude Include="ui_etcUIDemo.h">
      <Filter>Generated Files</Filter>
    </ClInclude>
    <ClInclude Include="ui_monolayer.h">
      <Filter>Generated Files</Filter>
    </ClInclude>
    <ClInclude Include="ui_tabComplexCells.h">
      <Filter>Generated Files</Filter>
    </ClInclude>
  </ItemGroup>
  <ItemGroup>
    <QtUic Include="gui\tabAbout\About.ui">
      <Filter>Form Files</Filter>
    </QtUic>
    <QtUic Include="gui\tabODEs\ODEsTab.ui">
      <Filter>Form Files</Filter>
    </QtUic>
    <QtUic Include="gui\QCS3DTabWidget.ui">
      <Filter>Form Files</Filter>
    </QtUic>
    <QtUic Include="gui\tabVascularization\Vascularization.ui">
      <Filter>Form Files</Filter>
    </QtUic>
    <QtUic Include="gui\etcUIDemo.ui">
      <Filter>Form Files</Filter>
    </QtUic>
    <QtUic Include="gui\tabMonolayer\monolayer.ui">
      <Filter>Form Files</Filter>
    </QtUic>
    <QtUic Include="gui\tabComplexCells\tabComplexCells.ui">
      <Filter>Form Files</Filter>
    </QtUic>
  </ItemGroup>
</Project>